
Microsoft Visual Studio Solution File, Format Version 12.00
# Visual Studio Version 17
VisualStudioVersion = 17.7.34031.279
MinimumVisualStudioVersion = 10.0.40219.1
Project("{9A19103F-16F7-4668-BE54-9A1E7A4F7556}") = "APITest", "APITest\APITest.csproj", "{15B9DDE1-33F7-43D3-9450-1BFA87841323}"
EndProject
Project("{FAE04EC0-301F-11D3-BF4B-00C04F79EFBC}") = "APITest.Tests", "APITest.Tests\APITest.Tests.csproj", "{040619C4-10CE-404D-8008-EA02F0766829}"
EndProject
Global
	GlobalSection(SolutionConfigurationPlatforms) = preSolution
		Debug|Any CPU = Debug|Any CPU
		Release|Any CPU = Release|Any CPU
	EndGlobalSection
	GlobalSection(ProjectConfigurationPlatforms) = postSolution
		{15B9DDE1-33F7-43D3-9450-1BFA87841323}.Debug|Any CPU.ActiveCfg = Debug|Any CPU
		{15B9DDE1-33F7-43D3-9450-1BFA87841323}.Debug|Any CPU.Build.0 = Debug|Any CPU
		{15B9DDE1-33F7-43D3-9450-1BFA87841323}.Release|Any CPU.ActiveCfg = Release|Any CPU
		{15B9DDE1-33F7-43D3-9450-1BFA87841323}.Release|Any CPU.Build.0 = Release|Any CPU
		{040619C4-10CE-404D-8008-EA02F0766829}.Debug|Any CPU.ActiveCfg = Debug|Any CPU
		{040619C4-10CE-404D-8008-EA02F0766829}.Debug|Any CPU.Build.0 = Debug|Any CPU
		{040619C4-10CE-404D-8008-EA02F0766829}.Release|Any CPU.ActiveCfg = Release|Any CPU
		{040619C4-10CE-404D-8008-EA02F0766829}.Release|Any CPU.Build.0 = Release|Any CPU
	EndGlobalSection
	GlobalSection(SolutionProperties) = preSolution
		HideSolutionNode = FALSE
	EndGlobalSection
	GlobalSection(ExtensibilityGlobals) = postSolution
		SolutionGuid = {1E583B0C-7CA3-472A-A1EC-892AF9105CF8}
	EndGlobalSection
EndGlobal
